
Microsoft Visual Studio Solution File, Format Version 12.00
# Visual Studio 15
VisualStudioVersion = 15.0.26430.16
MinimumVisualStudioVersion = 10.0.40219.1
Project("{2150E333-8FDC-42A3-9474-1A3956D46DE8}") = "Repo", "Repo", "{206070A6-AE4A-4A63-8ADB-516FB83C0721}"
	ProjectSection(SolutionItems) = preProject
		.gitignore = .gitignore
		.hgignore = .hgignore
		CodeBlock.testsettings = CodeBlock.testsettings
	EndProjectSection
EndProject
Project("{F2A71F9B-5D33-465A-A702-920D77279786}") = "CodeBlock", "CodeBlock\CodeBlock.fsproj", "{DF621F15-8250-4B08-ADF5-79B5E3D8D34D}"
EndProject
Project("{F2A71F9B-5D33-465A-A702-920D77279786}") = "CodeBlock.Tests", "CodeBlock.Tests\CodeBlock.Tests.fsproj", "{2236879D-FCD0-4C59-94E1-4C343DE3F8F4}"
EndProject
Project("{F2A71F9B-5D33-465A-A702-920D77279786}") = "CodeBlock.UnitTests", "CodeBlock.UnitTests\CodeBlock.UnitTests.fsproj", "{696571E8-1719-4E18-82DF-3D53476BE6A9}"
EndProject
Project("{F2A71F9B-5D33-465A-A702-920D77279786}") = "CodeBlock.UnitTests.ObjectModel", "CodeBlock.UnitTests.ObjectModel\CodeBlock.UnitTests.ObjectModel.fsproj", "{820A5D23-AEC7-480F-8280-F640BE4C3086}"
EndProject
Project("{F2A71F9B-5D33-465A-A702-920D77279786}") = "CodeBlock.GC", "CodeBlock.GC\CodeBlock.GC.fsproj", "{71506E28-8A8B-4894-9912-1F9FA97EC4E1}"
EndProject
Project("{F2A71F9B-5D33-465A-A702-920D77279786}") = "CodeBlock.BasicObjectModel", "CodeBlock.BasicObjectModel\CodeBlock.BasicObjectModel.fsproj", "{E0BEC535-39EE-4966-890E-B3D33DE2970D}"
EndProject
Project("{F2A71F9B-5D33-465A-A702-920D77279786}") = "CodeBlock.TypeSystem", "CodeBlock.TypeSystem\CodeBlock.TypeSystem.fsproj", "{68981381-BA2D-4386-9524-75CC234AE575}"
EndProject
Project("{2150E333-8FDC-42A3-9474-1A3956D46DE8}") = "Tests", "Tests", "{88A62508-871B-489C-917D-5A2E99AC8CC4}"
EndProject
Project("{F2A71F9B-5D33-465A-A702-920D77279786}") = "CodeBlock.Core", "CodeBlock.Core\CodeBlock.Core.fsproj", "{2C47EEF7-A57E-48DA-B445-8CA66652C0C5}"
EndProject
Project("{F2A71F9B-5D33-465A-A702-920D77279786}") = "CodeBlock.LLVM", "CodeBlock.LLVM\CodeBlock.LLVM.fsproj", "{B27DFE2C-A73B-4FFA-BA6D-915BD3BD89CB}"
EndProject
Global
	GlobalSection(SolutionConfigurationPlatforms) = preSolution
		Debug|Any CPU = Debug|Any CPU
		Debug|Win32 = Debug|Win32
		Debug|x64 = Debug|x64
		Release|Any CPU = Release|Any CPU
		Release|Win32 = Release|Win32
		Release|x64 = Release|x64
	EndGlobalSection
	GlobalSection(ProjectConfigurationPlatforms) = postSolution
		{DF621F15-8250-4B08-ADF5-79B5E3D8D34D}.Debug|Any CPU.ActiveCfg = Debug|Any CPU
		{DF621F15-8250-4B08-ADF5-79B5E3D8D34D}.Debug|Any CPU.Build.0 = Debug|Any CPU
		{DF621F15-8250-4B08-ADF5-79B5E3D8D34D}.Debug|Win32.ActiveCfg = Debug|Any CPU
		{DF621F15-8250-4B08-ADF5-79B5E3D8D34D}.Debug|x64.ActiveCfg = Debug|Any CPU
		{DF621F15-8250-4B08-ADF5-79B5E3D8D34D}.Release|Any CPU.ActiveCfg = Release|Any CPU
		{DF621F15-8250-4B08-ADF5-79B5E3D8D34D}.Release|Any CPU.Build.0 = Release|Any CPU
		{DF621F15-8250-4B08-ADF5-79B5E3D8D34D}.Release|Win32.ActiveCfg = Release|Any CPU
		{DF621F15-8250-4B08-ADF5-79B5E3D8D34D}.Release|x64.ActiveCfg = Release|Any CPU
		{2236879D-FCD0-4C59-94E1-4C343DE3F8F4}.Debug|Any CPU.ActiveCfg = Debug|Any CPU
		{2236879D-FCD0-4C59-94E1-4C343DE3F8F4}.Debug|Any CPU.Build.0 = Debug|Any CPU
		{2236879D-FCD0-4C59-94E1-4C343DE3F8F4}.Debug|Win32.ActiveCfg = Debug|Any CPU
		{2236879D-FCD0-4C59-94E1-4C343DE3F8F4}.Debug|x64.ActiveCfg = Debug|Any CPU
		{2236879D-FCD0-4C59-94E1-4C343DE3F8F4}.Release|Any CPU.ActiveCfg = Release|Any CPU
		{2236879D-FCD0-4C59-94E1-4C343DE3F8F4}.Release|Any CPU.Build.0 = Release|Any CPU
		{2236879D-FCD0-4C59-94E1-4C343DE3F8F4}.Release|Win32.ActiveCfg = Release|Any CPU
		{2236879D-FCD0-4C59-94E1-4C343DE3F8F4}.Release|x64.ActiveCfg = Release|Any CPU
		{696571E8-1719-4E18-82DF-3D53476BE6A9}.Debug|Any CPU.ActiveCfg = Debug|Any CPU
		{696571E8-1719-4E18-82DF-3D53476BE6A9}.Debug|Any CPU.Build.0 = Debug|Any CPU
		{696571E8-1719-4E18-82DF-3D53476BE6A9}.Debug|Win32.ActiveCfg = Debug|Any CPU
		{696571E8-1719-4E18-82DF-3D53476BE6A9}.Debug|x64.ActiveCfg = Debug|Any CPU
		{696571E8-1719-4E18-82DF-3D53476BE6A9}.Release|Any CPU.ActiveCfg = Release|Any CPU
		{696571E8-1719-4E18-82DF-3D53476BE6A9}.Release|Any CPU.Build.0 = Release|Any CPU
		{696571E8-1719-4E18-82DF-3D53476BE6A9}.Release|Win32.ActiveCfg = Release|Any CPU
		{696571E8-1719-4E18-82DF-3D53476BE6A9}.Release|x64.ActiveCfg = Release|Any CPU
		{820A5D23-AEC7-480F-8280-F640BE4C3086}.Debug|Any CPU.ActiveCfg = Debug|Any CPU
		{820A5D23-AEC7-480F-8280-F640BE4C3086}.Debug|Any CPU.Build.0 = Debug|Any CPU
		{820A5D23-AEC7-480F-8280-F640BE4C3086}.Debug|Win32.ActiveCfg = Debug|Any CPU
		{820A5D23-AEC7-480F-8280-F640BE4C3086}.Debug|x64.ActiveCfg = Debug|Any CPU
		{820A5D23-AEC7-480F-8280-F640BE4C3086}.Release|Any CPU.ActiveCfg = Release|Any CPU
		{820A5D23-AEC7-480F-8280-F640BE4C3086}.Release|Any CPU.Build.0 = Release|Any CPU
		{820A5D23-AEC7-480F-8280-F640BE4C3086}.Release|Win32.ActiveCfg = Release|Any CPU
		{820A5D23-AEC7-480F-8280-F640BE4C3086}.Release|x64.ActiveCfg = Release|Any CPU
		{71506E28-8A8B-4894-9912-1F9FA97EC4E1}.Debug|Any CPU.ActiveCfg = Debug|Any CPU
		{71506E28-8A8B-4894-9912-1F9FA97EC4E1}.Debug|Any CPU.Build.0 = Debug|Any CPU
		{71506E28-8A8B-4894-9912-1F9FA97EC4E1}.Debug|Win32.ActiveCfg = Debug|Any CPU
		{71506E28-8A8B-4894-9912-1F9FA97EC4E1}.Debug|x64.ActiveCfg = Debug|Any CPU
		{71506E28-8A8B-4894-9912-1F9FA97EC4E1}.Release|Any CPU.ActiveCfg = Release|Any CPU
		{71506E28-8A8B-4894-9912-1F9FA97EC4E1}.Release|Any CPU.Build.0 = Release|Any CPU
		{71506E28-8A8B-4894-9912-1F9FA97EC4E1}.Release|Win32.ActiveCfg = Release|Any CPU
		{71506E28-8A8B-4894-9912-1F9FA97EC4E1}.Release|x64.ActiveCfg = Release|Any CPU
		{E0BEC535-39EE-4966-890E-B3D33DE2970D}.Debug|Any CPU.ActiveCfg = Debug|Any CPU
		{E0BEC535-39EE-4966-890E-B3D33DE2970D}.Debug|Any CPU.Build.0 = Debug|Any CPU
		{E0BEC535-39EE-4966-890E-B3D33DE2970D}.Debug|Win32.ActiveCfg = Debug|Any CPU
		{E0BEC535-39EE-4966-890E-B3D33DE2970D}.Debug|x64.ActiveCfg = Debug|Any CPU
		{E0BEC535-39EE-4966-890E-B3D33DE2970D}.Release|Any CPU.ActiveCfg = Release|Any CPU
		{E0BEC535-39EE-4966-890E-B3D33DE2970D}.Release|Any CPU.Build.0 = Release|Any CPU
		{E0BEC535-39EE-4966-890E-B3D33DE2970D}.Release|Win32.ActiveCfg = Release|Any CPU
		{E0BEC535-39EE-4966-890E-B3D33DE2970D}.Release|x64.ActiveCfg = Release|Any CPU
		{68981381-BA2D-4386-9524-75CC234AE575}.Debug|Any CPU.ActiveCfg = Debug|Any CPU
		{68981381-BA2D-4386-9524-75CC234AE575}.Debug|Any CPU.Build.0 = Debug|Any CPU
		{68981381-BA2D-4386-9524-75CC234AE575}.Debug|Win32.ActiveCfg = Debug|Any CPU
		{68981381-BA2D-4386-9524-75CC234AE575}.Debug|x64.ActiveCfg = Debug|Any CPU
		{68981381-BA2D-4386-9524-75CC234AE575}.Release|Any CPU.ActiveCfg = Release|Any CPU
		{68981381-BA2D-4386-9524-75CC234AE575}.Release|Any CPU.Build.0 = Release|Any CPU
		{68981381-BA2D-4386-9524-75CC234AE575}.Release|Win32.ActiveCfg = Release|Any CPU
		{68981381-BA2D-4386-9524-75CC234AE575}.Release|x64.ActiveCfg = Release|Any CPU
		{2C47EEF7-A57E-48DA-B445-8CA66652C0C5}.Debug|Any CPU.ActiveCfg = Debug|Any CPU
		{2C47EEF7-A57E-48DA-B445-8CA66652C0C5}.Debug|Any CPU.Build.0 = Debug|Any CPU
		{2C47EEF7-A57E-48DA-B445-8CA66652C0C5}.Debug|Win32.ActiveCfg = Debug|Any CPU
		{2C47EEF7-A57E-48DA-B445-8CA66652C0C5}.Debug|x64.ActiveCfg = Debug|Any CPU
		{2C47EEF7-A57E-48DA-B445-8CA66652C0C5}.Release|Any CPU.ActiveCfg = Release|Any CPU
		{2C47EEF7-A57E-48DA-B445-8CA66652C0C5}.Release|Any CPU.Build.0 = Release|Any CPU
		{2C47EEF7-A57E-48DA-B445-8CA66652C0C5}.Release|Win32.ActiveCfg = Release|Any CPU
		{2C47EEF7-A57E-48DA-B445-8CA66652C0C5}.Release|x64.ActiveCfg = Release|Any CPU
		{B27DFE2C-A73B-4FFA-BA6D-915BD3BD89CB}.Debug|Any CPU.ActiveCfg = Debug|Any CPU
		{B27DFE2C-A73B-4FFA-BA6D-915BD3BD89CB}.Debug|Any CPU.Build.0 = Debug|Any CPU
		{B27DFE2C-A73B-4FFA-BA6D-915BD3BD89CB}.Debug|Win32.ActiveCfg = Debug|Any CPU
		{B27DFE2C-A73B-4FFA-BA6D-915BD3BD89CB}.Debug|Win32.Build.0 = Debug|Any CPU
		{B27DFE2C-A73B-4FFA-BA6D-915BD3BD89CB}.Debug|x64.ActiveCfg = Debug|Any CPU
		{B27DFE2C-A73B-4FFA-BA6D-915BD3BD89CB}.Debug|x64.Build.0 = Debug|Any CPU
		{B27DFE2C-A73B-4FFA-BA6D-915BD3BD89CB}.Release|Any CPU.ActiveCfg = Release|Any CPU
		{B27DFE2C-A73B-4FFA-BA6D-915BD3BD89CB}.Release|Any CPU.Build.0 = Release|Any CPU
		{B27DFE2C-A73B-4FFA-BA6D-915BD3BD89CB}.Release|Win32.ActiveCfg = Release|Any CPU
		{B27DFE2C-A73B-4FFA-BA6D-915BD3BD89CB}.Release|Win32.Build.0 = Release|Any CPU
		{B27DFE2C-A73B-4FFA-BA6D-915BD3BD89CB}.Release|x64.ActiveCfg = Release|Any CPU
		{B27DFE2C-A73B-4FFA-BA6D-915BD3BD89CB}.Release|x64.Build.0 = Release|Any CPU
	EndGlobalSection
	GlobalSection(SolutionProperties) = preSolution
		HideSolutionNode = FALSE
	EndGlobalSection
	GlobalSection(NestedProjects) = preSolution
		{2236879D-FCD0-4C59-94E1-4C343DE3F8F4} = {88A62508-871B-489C-917D-5A2E99AC8CC4}
		{696571E8-1719-4E18-82DF-3D53476BE6A9} = {88A62508-871B-489C-917D-5A2E99AC8CC4}
		{820A5D23-AEC7-480F-8280-F640BE4C3086} = {88A62508-871B-489C-917D-5A2E99AC8CC4}
	EndGlobalSection
	GlobalSection(MercurialSourceControlSolutionProperties) = preSolution
		SolutionIsControlled = True
		SolutionBindings = <Solution Location In Database>
	EndGlobalSection
EndGlobal
